// !$*UTF8*$!
{
	archiveVersion = 1;
	classes = {
	};
	objectVersion = 55;
	objects = {

/* Begin PBXBuildFile section */
		A471C5F4284C3F8800CA9FE7 /* AppDelegate.swift in Sources */ = {isa = PBXBuildFile; fileRef = A471C5F3284C3F8800CA9FE7 /* AppDelegate.swift */; };
		A471C5F6284C3F8800CA9FE7 /* SceneDelegate.swift in Sources */ = {isa = PBXBuildFile; fileRef = A471C5F5284C3F8800CA9FE7 /* SceneDelegate.swift */; };
		A471C5F8284C3F8800CA9FE7 /* ViewController.swift in Sources */ = {isa = PBXBuildFile; fileRef = A471C5F7284C3F8800CA9FE7 /* ViewController.swift */; };
		A471C5FB284C3F8800CA9FE7 /* Main.storyboard in Resources */ = {isa = PBXBuildFile; fileRef = A471C5F9284C3F8800CA9FE7 /* Main.storyboard */; };
		A471C5FD284C3F8A00CA9FE7 /* Assets.xcassets in Resources */ = {isa = PBXBuildFile; fileRef = A471C5FC284C3F8A00CA9FE7 /* Assets.xcassets */; };
		A471C600284C3F8A00CA9FE7 /* LaunchScreen.storyboard in Resources */ = {isa = PBXBuildFile; fileRef = A471C5FE284C3F8A00CA9FE7 /* LaunchScreen.storyboard */; };
		A471C60B284C3F8A00CA9FE7 /* APPAPPTests.swift in Sources */ = {isa = PBXBuildFile; fileRef = A471C60A284C3F8A00CA9FE7 /* APPAPPTests.swift */; };
		A471C615284C3F8A00CA9FE7 /* APPAPPUITests.swift in Sources */ = {isa = PBXBuildFile; fileRef = A471C614284C3F8A00CA9FE7 /* APPAPPUITests.swift */; };
		A471C617284C3F8A00CA9FE7 /* APPAPPUITestsLaunchTests.swift in Sources */ = {isa = PBXBuildFile; fileRef = A471C616284C3F8A00CA9FE7 /* APPAPPUITestsLaunchTests.swift */; };
/* End PBXBuildFile section */

/* Begin PBXContainerItemProxy section */
		A471C607284C3F8A00CA9FE7 /* PBXContainerItemProxy */ = {
			isa = PBXContainerItemProxy;
			containerPortal = A471C5E8284C3F8800CA9FE7 /* Project object */;
			proxyType = 1;
			remoteGlobalIDString = A471C5EF284C3F8800CA9FE7;
			remoteInfo = APPAPP;
		};
		A471C611284C3F8A00CA9FE7 /* PBXContainerItemProxy */ = {
			isa = PBXContainerItemProxy;
			containerPortal = A471C5E8284C3F8800CA9FE7 /* Project object */;
			proxyType = 1;
			remoteGlobalIDString = A471C5EF284C3F8800CA9FE7;
			remoteInfo = APPAPP;
		};
/* End PBXContainerItemProxy section */

/* Begin PBXFileReference section */
		A471C5F0284C3F8800CA9FE7 /* APPAPP.app */ = {isa = PBXFileReference; explicitFileType = wrapper.application; includeInIndex = 0; path = APPAPP.app; sourceTree = BUILT_PRODUCTS_DIR; };
		A471C5F3284C3F8800CA9FE7 /* AppDelegate.swift */ = {isa = PBXFileReference; lastKnownFileType = sourcecode.swift; path = AppDelegate.swift; sourceTree = "<group>"; };
		A471C5F5284C3F8800CA9FE7 /* SceneDelegate.swift */ = {isa = PBXFileReference; lastKnownFileType = sourcecode.swift; path = SceneDelegate.swift; sourceTree = "<group>"; };
		A471C5F7284C3F8800CA9FE7 /* ViewController.swift */ = {isa = PBXFileReference; lastKnownFileType = sourcecode.swift; path = ViewController.swift; sourceTree = "<group>"; };
		A471C5FA284C3F8800CA9FE7 /* Base */ = {isa = PBXFileReference; lastKnownFileType = file.storyboard; name = Base; path = Base.lproj/Main.storyboard; sourceTree = "<group>"; };
		A471C5FC284C3F8A00CA9FE7 /* Assets.xcassets */ = {isa = PBXFileReference; lastKnownFileType = folder.assetcatalog; path = Assets.xcassets; sourceTree = "<group>"; };
		A471C5FF284C3F8A00CA9FE7 /* Base */ = {isa = PBXFileReference; lastKnownFileType = file.storyboard; name = Base; path = Base.lproj/LaunchScreen.storyboard; sourceTree = "<group>"; };
		A471C601284C3F8A00CA9FE7 /* Info.plist */ = {isa = PBXFileReference; lastKnownFileType = text.plist.xml; path = Info.plist; sourceTree = "<group>"; };
		A471C606284C3F8A00CA9FE7 /* APPAPPTests.xctest */ = {isa = PBXFileReference; explicitFileType = wrapper.cfbundle; includeInIndex = 0; path = APPAPPTests.xctest; sourceTree = BUILT_PRODUCTS_DIR; };
		A471C60A284C3F8A00CA9FE7 /* APPAPPTests.swift */ = {isa = PBXFileReference; lastKnownFileType = sourcecode.swift; path = APPAPPTests.swift; sourceTree = "<group>"; };
		A471C610284C3F8A00CA9FE7 /* APPAPPUITests.xctest */ = {isa = PBXFileReference; explicitFileType = wrapper.cfbundle; includeInIndex = 0; path = APPAPPUITests.xctest; sourceTree = BUILT_PRODUCTS_DIR; };
		A471C614284C3F8A00CA9FE7 /* APPAPPUITests.swift */ = {isa = PBXFileReference; lastKnownFileType = sourcecode.swift; path = APPAPPUITests.swift; sourceTree = "<group>"; };
		A471C616284C3F8A00CA9FE7 /* APPAPPUITestsLaunchTests.swift */ = {isa = PBXFileReference; lastKnownFileType = sourcecode.swift; path = APPAPPUITestsLaunchTests.swift; sourceTree = "<group>"; };
/* End PBXFileReference section */

/* Begin PBXFrameworksBuildPhase section */
		A471C5ED284C3F8800CA9FE7 /* Frameworks */ = {
			isa = PBXFrameworksBuildPhase;
			buildActionMask = 2147483647;
			files = (
			);
			runOnlyForDeploymentPostprocessing = 0;
		};
		A471C603284C3F8A00CA9FE7 /* Frameworks */ = {
			isa = PBXFrameworksBuildPhase;
			buildActionMask = 2147483647;
			files = (
			);
			runOnlyForDeploymentPostprocessing = 0;
		};
		A471C60D284C3F8A00CA9FE7 /* Frameworks */ = {
			isa = PBXFrameworksBuildPhase;
			buildActionMask = 2147483647;
			files = (
			);
			runOnlyForDeploymentPostprocessing = 0;
		};
/* End PBXFrameworksBuildPhase section */

/* Begin PBXGroup section */
		A471C5E7284C3F8800CA9FE7 = {
			isa = PBXGroup;
			children = (
				A471C5F2284C3F8800CA9FE7 /* APPAPP */,
				A471C609284C3F8A00CA9FE7 /* APPAPPTests */,
				A471C613284C3F8A00CA9FE7 /* APPAPPUITests */,
				A471C5F1284C3F8800CA9FE7 /* Products */,
			);
			sourceTree = "<group>";
		};
		A471C5F1284C3F8800CA9FE7 /* Products */ = {
			isa = PBXGroup;
			children = (
				A471C5F0284C3F8800CA9FE7 /* APPAPP.app */,
				A471C606284C3F8A00CA9FE7 /* APPAPPTests.xctest */,
				A471C610284C3F8A00CA9FE7 /* APPAPPUITests.xctest */,
			);
			name = Products;
			sourceTree = "<group>";
		};
		A471C5F2284C3F8800CA9FE7 /* APPAPP */ = {
			isa = PBXGroup;
			children = (
				A471C5F3284C3F8800CA9FE7 /* AppDelegate.swift */,
				A471C5F5284C3F8800CA9FE7 /* SceneDelegate.swift */,
				A471C5F7284C3F8800CA9FE7 /* ViewController.swift */,
				A471C5F9284C3F8800CA9FE7 /* Main.storyboard */,
				A471C5FC284C3F8A00CA9FE7 /* Assets.xcassets */,
				A471C5FE284C3F8A00CA9FE7 /* LaunchScreen.storyboard */,
				A471C601284C3F8A00CA9FE7 /* Info.plist */,
			);
			path = APPAPP;
			sourceTree = "<group>";
		};
		A471C609284C3F8A00CA9FE7 /* APPAPPTests */ = {
			isa = PBXGroup;
			children = (
				A471C60A284C3F8A00CA9FE7 /* APPAPPTests.swift */,
			);
			path = APPAPPTests;
			sourceTree = "<group>";
		};
		A471C613284C3F8A00CA9FE7 /* APPAPPUITests */ = {
			isa = PBXGroup;
			children = (
				A471C614284C3F8A00CA9FE7 /* APPAPPUITests.swift */,
				A471C616284C3F8A00CA9FE7 /* APPAPPUITestsLaunchTests.swift */,
			);
			path = APPAPPUITests;
			sourceTree = "<group>";
		};
/* End PBXGroup section */

/* Begin PBXNativeTarget section */
		A471C5EF284C3F8800CA9FE7 /* APPAPP */ = {
			isa = PBXNativeTarget;
			buildConfigurationList = A471C61A284C3F8A00CA9FE7 /* Build configuration list for PBXNativeTarget "APPAPP" */;
			buildPhases = (
				A471C5EC284C3F8800CA9FE7 /* Sources */,
				A471C5ED284C3F8800CA9FE7 /* Frameworks */,
				A471C5EE284C3F8800CA9FE7 /* Resources */,
			);
			buildRules = (
			);
			dependencies = (
			);
			name = APPAPP;
			productName = APPAPP;
			productReference = A471C5F0284C3F8800CA9FE7 /* APPAPP.app */;
			productType = "com.apple.product-type.application";
		};
		A471C605284C3F8A00CA9FE7 /* APPAPPTests */ = {
			isa = PBXNativeTarget;
			buildConfigurationList = A471C61D284C3F8A00CA9FE7 /* Build configuration list for PBXNativeTarget "APPAPPTests" */;
			buildPhases = (
				A471C602284C3F8A00CA9FE7 /* Sources */,
				A471C603284C3F8A00CA9FE7 /* Frameworks */,
				A471C604284C3F8A00CA9FE7 /* Resources */,
			);
			buildRules = (
			);
			dependencies = (
				A471C608284C3F8A00CA9FE7 /* PBXTargetDependency */,
			);
			name = APPAPPTests;
			productName = APPAPPTests;
			productReference = A471C606284C3F8A00CA9FE7 /* APPAPPTests.xctest */;
			productType = "com.apple.product-type.bundle.unit-test";
		};
		A471C60F284C3F8A00CA9FE7 /* APPAPPUITests */ = {
			isa = PBXNativeTarget;
			buildConfigurationList = A471C620284C3F8A00CA9FE7 /* Build configuration list for PBXNativeTarget "APPAPPUITests" */;
			buildPhases = (
				A471C60C284C3F8A00CA9FE7 /* Sources */,
				A471C60D284C3F8A00CA9FE7 /* Frameworks */,
				A471C60E284C3F8A00CA9FE7 /* Resources */,
			);
			buildRules = (
			);
			dependencies = (
				A471C612284C3F8A00CA9FE7 /* PBXTargetDependency */,
			);
			name = APPAPPUITests;
			productName = APPAPPUITests;
			productReference = A471C610284C3F8A00CA9FE7 /* APPAPPUITests.xctest */;
			productType = "com.apple.product-type.bundle.ui-testing";
		};
/* End PBXNativeTarget section */

/* Begin PBXProject section */
		A471C5E8284C3F8800CA9FE7 /* Project object */ = {
			isa = PBXProject;
			attributes = {
				BuildIndependentTargetsInParallel = 1;
				LastSwiftUpdateCheck = 1340;
				LastUpgradeCheck = 1340;
				TargetAttributes = {
					A471C5EF284C3F8800CA9FE7 = {
						CreatedOnToolsVersion = 13.4;
					};
					A471C605284C3F8A00CA9FE7 = {
						CreatedOnToolsVersion = 13.4;
						TestTargetID = A471C5EF284C3F8800CA9FE7;
					};
					A471C60F284C3F8A00CA9FE7 = {
						CreatedOnToolsVersion = 13.4;
						TestTargetID = A471C5EF284C3F8800CA9FE7;
					};
				};
			};
			buildConfigurationList = A471C5EB284C3F8800CA9FE7 /* Build configuration list for PBXProject "APPAPP" */;
			compatibilityVersion = "Xcode 13.0";
			developmentRegion = en;
			hasScannedForEncodings = 0;
			knownRegions = (
				en,
				Base,
			);
			mainGroup = A471C5E7284C3F8800CA9FE7;
			productRefGroup = A471C5F1284C3F8800CA9FE7 /* Products */;
			projectDirPath = "";
			projectRoot = "";
			targets = (
				A471C5EF284C3F8800CA9FE7 /* APPAPP */,
				A471C605284C3F8A00CA9FE7 /* APPAPPTests */,
				A471C60F284C3F8A00CA9FE7 /* APPAPPUITests */,
			);
		};
/* End PBXProject section */

/* Begin PBXResourcesBuildPhase section */
		A471C5EE284C3F8800CA9FE7 /* Resources */ = {
			isa = PBXResourcesBuildPhase;
			buildActionMask = 2147483647;
			files = (
				A471C600284C3F8A00CA9FE7 /* LaunchScreen.storyboard in Resources */,
				A471C5FD284C3F8A00CA9FE7 /* Assets.xcassets in Resources */,
				A471C5FB284C3F8800CA9FE7 /* Main.storyboard in Resources */,
			);
			runOnlyForDeploymentPostprocessing = 0;
		};
		A471C604284C3F8A00CA9FE7 /* Resources */ = {
			isa = PBXResourcesBuildPhase;
			buildActionMask = 2147483647;
			files = (
			);
			runOnlyForDeploymentPostprocessing = 0;
		};
		A471C60E284C3F8A00CA9FE7 /* Resources */ = {
			isa = PBXResourcesBuildPhase;
			buildActionMask = 2147483647;
			files = (
			);
			runOnlyForDeploymentPostprocessing = 0;
		};
/* End PBXResourcesBuildPhase section */

/* Begin PBXSourcesBuildPhase section */
		A471C5EC284C3F8800CA9FE7 /* Sources */ = {
			isa = PBXSourcesBuildPhase;
			buildActionMask = 2147483647;
			files = (
				A471C5F8284C3F8800CA9FE7 /* ViewController.swift in Sources */,
				A471C5F4284C3F8800CA9FE7 /* AppDelegate.swift in Sources */,
				A471C5F6284C3F8800CA9FE7 /* SceneDelegate.swift in Sources */,
			);
			runOnlyForDeploymentPostprocessing = 0;
		};
		A471C602284C3F8A00CA9FE7 /* Sources */ = {
			isa = PBXSourcesBuildPhase;
			buildActionMask = 2147483647;
			files = (
				A471C60B284C3F8A00CA9FE7 /* APPAPPTests.swift in Sources */,
			);
			runOnlyForDeploymentPostprocessing = 0;
		};
		A471C60C284C3F8A00CA9FE7 /* Sources */ = {
			isa = PBXSourcesBuildPhase;
			buildActionMask = 2147483647;
			files = (
				A471C617284C3F8A00CA9FE7 /* APPAPPUITestsLaunchTests.swift in Sources */,
				A471C615284C3F8A00CA9FE7 /* APPAPPUITests.swift in Sources */,
			);
			runOnlyForDeploymentPostprocessing = 0;
		};
/* End PBXSourcesBuildPhase section */

/* Begin PBXTargetDependency section */
		A471C608284C3F8A00CA9FE7 /* PBXTargetDependency */ = {
			isa = PBXTargetDependency;
			target = A471C5EF284C3F8800CA9FE7 /* APPAPP */;
			targetProxy = A471C607284C3F8A00CA9FE7 /* PBXContainerItemProxy */;
		};
		A471C612284C3F8A00CA9FE7 /* PBXTargetDependency */ = {
			isa = PBXTargetDependency;
			target = A471C5EF284C3F8800CA9FE7 /* APPAPP */;
			targetProxy = A471C611284C3F8A00CA9FE7 /* PBXContainerItemProxy */;
		};
/* End PBXTargetDependency section */

/* Begin PBXVariantGroup section */
		A471C5F9284C3F8800CA9FE7 /* Main.storyboard */ = {
			isa = PBXVariantGroup;
			children = (
				A471C5FA284C3F8800CA9FE7 /* Base */,
			);
			name = Main.storyboard;
			sourceTree = "<group>";
		};
		A471C5FE284C3F8A00CA9FE7 /* LaunchScreen.storyboard */ = {
			isa = PBXVariantGroup;
			children = (
				A471C5FF284C3F8A00CA9FE7 /* Base */,
			);
			name = LaunchScreen.storyboard;
			sourceTree = "<group>";
		};
/* End PBXVariantGroup section */

/* Begin XCBuildConfiguration section */
		A471C618284C3F8A00CA9FE7 /* Debug */ = {
			isa = XCBuildConfiguration;
			buildSettings = {
				ALWAYS_SEARCH_USER_PATHS = NO;
				CLANG_ANALYZER_NONNULL = YES;
				CLANG_ANALYZER_NUMBER_OBJECT_CONVERSION = YES_AGGRESSIVE;
				CLANG_CXX_LANGUAGE_STANDARD = "gnu++17";
				CLANG_ENABLE_MODULES = YES;
				CLANG_ENABLE_OBJC_ARC = YES;
				CLANG_ENABLE_OBJC_WEAK = YES;
				CLANG_WARN_BLOCK_CAPTURE_AUTORELEASING = YES;
				CLANG_WARN_BOOL_CONVERSION = YES;
				CLANG_WARN_COMMA = YES;
				CLANG_WARN_CONSTANT_CONVERSION = YES;
				CLANG_WARN_DEPRECATED_OBJC_IMPLEMENTATIONS = YES;
				CLANG_WARN_DIRECT_OBJC_ISA_USAGE = YES_ERROR;
				CLANG_WARN_DOCUMENTATION_COMMENTS = YES;
				CLANG_WARN_EMPTY_BODY = YES;
				CLANG_WARN_ENUM_CONVERSION = YES;
				CLANG_WARN_INFINITE_RECURSION = YES;
				CLANG_WARN_INT_CONVERSION = YES;
				CLANG_WARN_NON_LITERAL_NULL_CONVERSION = YES;
				CLANG_WARN_OBJC_IMPLICIT_RETAIN_SELF = YES;
				CLANG_WARN_OBJC_LITERAL_CONVERSION = YES;
				CLANG_WARN_OBJC_ROOT_CLASS = YES_ERROR;
				CLANG_WARN_QUOTED_INCLUDE_IN_FRAMEWORK_HEADER = YES;
				CLANG_WARN_RANGE_LOOP_ANALYSIS = YES;
				CLANG_WARN_STRICT_PROTOTYPES = YES;
				CLANG_WARN_SUSPICIOUS_MOVE = YES;
				CLANG_WARN_UNGUARDED_AVAILABILITY = YES_AGGRESSIVE;
				CLANG_WARN_UNREACHABLE_CODE = YES;
				CLANG_WARN__DUPLICATE_METHOD_MATCH = YES;
				COPY_PHASE_STRIP = NO;
				DEBUG_INFORMATION_FORMAT = dwarf;
				ENABLE_STRICT_OBJC_MSGSEND = YES;
				ENABLE_TESTABILITY = YES;
				GCC_C_LANGUAGE_STANDARD = gnu11;
				GCC_DYNAMIC_NO_PIC = NO;
				GCC_NO_COMMON_BLOCKS = YES;
				GCC_OPTIMIZATION_LEVEL = 0;
				GCC_PREPROCESSOR_DEFINITIONS = (
					"DEBUG=1",
					"$(inherited)",
				);
				GCC_WARN_64_TO_32_BIT_CONVERSION = YES;
				GCC_WARN_ABOUT_RETURN_TYPE = YES_ERROR;
				GCC_WARN_UNDECLARED_SELECTOR = YES;
				GCC_WARN_UNINITIALIZED_AUTOS = YES_AGGRESSIVE;
				GCC_WARN_UNUSED_FUNCTION = YES;
				GCC_WARN_UNUSED_VARIABLE = YES;
				IPHONEOS_DEPLOYMENT_TARGET = 15.5;
				MTL_ENABLE_DEBUG_INFO = INCLUDE_SOURCE;
				MTL_FAST_MATH = YES;
				ONLY_ACTIVE_ARCH = YES;
				SDKROOT = iphoneos;
				SWIFT_ACTIVE_COMPILATION_CONDITIONS = DEBUG;
				SWIFT_OPTIMIZATION_LEVEL = "-Onone";
			};
			name = Debug;
		};
		A471C619284C3F8A00CA9FE7 /* Release */ = {
			isa = XCBuildConfiguration;
			buildSettings = {
				ALWAYS_SEARCH_USER_PATHS = NO;
				CLANG_ANALYZER_NONNULL = YES;
				CLANG_ANALYZER_NUMBER_OBJECT_CONVERSION = YES_AGGRESSIVE;
				CLANG_CXX_LANGUAGE_STANDARD = "gnu++17";
				CLANG_ENABLE_MODULES = YES;
				CLANG_ENABLE_OBJC_ARC = YES;
				CLANG_ENABLE_OBJC_WEAK = YES;
				CLANG_WARN_BLOCK_CAPTURE_AUTORELEASING = YES;
				CLANG_WARN_BOOL_CONVERSION = YES;
				CLANG_WARN_COMMA = YES;
				CLANG_WARN_CONSTANT_CONVERSION = YES;
				CLANG_WARN_DEPRECATED_OBJC_IMPLEMENTATIONS = YES;
				CLANG_WARN_DIRECT_OBJC_ISA_USAGE = YES_ERROR;
				CLANG_WARN_DOCUMENTATION_COMMENTS = YES;
				CLANG_WARN_EMPTY_BODY = YES;
				CLANG_WARN_ENUM_CONVERSION = YES;
				CLANG_WARN_INFINITE_RECURSION = YES;
				CLANG_WARN_INT_CONVERSION = YES;
				CLANG_WARN_NON_LITERAL_NULL_CONVERSION = YES;
				CLANG_WARN_OBJC_IMPLICIT_RETAIN_SELF = YES;
				CLANG_WARN_OBJC_LITERAL_CONVERSION = YES;
				CLANG_WARN_OBJC_ROOT_CLASS = YES_ERROR;
				CLANG_WARN_QUOTED_INCLUDE_IN_FRAMEWORK_HEADER = YES;
				CLANG_WARN_RANGE_LOOP_ANALYSIS = YES;
				CLANG_WARN_STRICT_PROTOTYPES = YES;
				CLANG_WARN_SUSPICIOUS_MOVE = YES;
				CLANG_WARN_UNGUARDED_AVAILABILITY = YES_AGGRESSIVE;
				CLANG_WARN_UNREACHABLE_CODE = YES;
				CLANG_WARN__DUPLICATE_METHOD_MATCH = YES;
				COPY_PHASE_STRIP = NO;
				DEBUG_INFORMATION_FORMAT = "dwarf-with-dsym";
				ENABLE_NS_ASSERTIONS = NO;
				ENABLE_STRICT_OBJC_MSGSEND = YES;
				GCC_C_LANGUAGE_STANDARD = gnu11;
				GCC_NO_COMMON_BLOCKS = YES;
				GCC_WARN_64_TO_32_BIT_CONVERSION = YES;
				GCC_WARN_ABOUT_RETURN_TYPE = YES_ERROR;
				GCC_WARN_UNDECLARED_SELECTOR = YES;
				GCC_WARN_UNINITIALIZED_AUTOS = YES_AGGRESSIVE;
				GCC_WARN_UNUSED_FUNCTION = YES;
				GCC_WARN_UNUSED_VARIABLE = YES;
				IPHONEOS_DEPLOYMENT_TARGET = 15.5;
				MTL_ENABLE_DEBUG_INFO = NO;
				MTL_FAST_MATH = YES;
				SDKROOT = iphoneos;
				SWIFT_COMPILATION_MODE = wholemodule;
				SWIFT_OPTIMIZATION_LEVEL = "-O";
				VALIDATE_PRODUCT = YES;
			};
			name = Release;
		};
		A471C61B284C3F8A00CA9FE7 /* Debug */ = {
			isa = XCBuildConfiguration;
			buildSettings = {
				ASSETCATALOG_COMPILER_APPICON_NAME = AppIcon;
				ASSETCATALOG_COMPILER_GLOBAL_ACCENT_COLOR_NAME = AccentColor;
				CODE_SIGN_STYLE = Automatic;
				CURRENT_PROJECT_VERSION = 1;
				DEVELOPMENT_TEAM = GM6JZ3P6VD;
				GENERATE_INFOPLIST_FILE = YES;
				INFOPLIST_FILE = APPAPP/Info.plist;
				INFOPLIST_KEY_UIApplicationSupportsIndirectInputEvents = YES;
				INFOPLIST_KEY_UILaunchStoryboardName = LaunchScreen;
				INFOPLIST_KEY_UIMainStoryboardFile = Main;
				INFOPLIST_KEY_UISupportedInterfaceOrientations_iPad = "UIInterfaceOrientationPortrait UIInterfaceOrientationPortraitUpsideDown UIInterfaceOrientationLandscapeLeft UIInterfaceOrientationLandscapeRight";
				INFOPLIST_KEY_UISupportedInterfaceOrientations_iPhone = "UIInterfaceOrientationPortrait UIInterfaceOrientationLandscapeLeft UIInterfaceOrientationLandscapeRight";
				LD_RUNPATH_SEARCH_PATHS = (
					"$(inherited)",
					"@executable_path/Frameworks",
				);
				MARKETING_VERSION = 1.0;
				PRODUCT_BUNDLE_IDENTIFIER = com.yutaudemy.APPAPP;
				PRODUCT_NAME = "$(TARGET_NAME)";
				SWIFT_EMIT_LOC_STRINGS = YES;
				SWIFT_VERSION = 5.0;
				TARGETED_DEVICE_FAMILY = "1,2";
			};
			name = Debug;
		};
		A471C61C284C3F8A00CA9FE7 /* Release */ = {
			isa = XCBuildConfiguration;
			buildSettings = {
				ASSETCATALOG_COMPILER_APPICON_NAME = AppIcon;
				ASSETCATALOG_COMPILER_GLOBAL_ACCENT_COLOR_NAME = AccentColor;
				CODE_SIGN_STYLE = Automatic;
				CURRENT_PROJECT_VERSION = 1;
				DEVELOPMENT_TEAM = GM6JZ3P6VD;
				GENERATE_INFOPLIST_FILE = YES;
				INFOPLIST_FILE = APPAPP/Info.plist;
				INFOPLIST_KEY_UIApplicationSupportsIndirectInputEvents = YES;
				INFOPLIST_KEY_UILaunchStoryboardName = LaunchScreen;
				INFOPLIST_KEY_UIMainStoryboardFile = Main;
				INFOPLIST_KEY_UISupportedInterfaceOrientations_iPad = "UIInterfaceOrientationPortrait UIInterfaceOrientationPortraitUpsideDown UIInterfaceOrientationLandscapeLeft UIInterfaceOrientationLandscapeRight";
				INFOPLIST_KEY_UISupportedInterfaceOrientations_iPhone = "UIInterfaceOrientationPortrait UIInterfaceOrientationLandscapeLeft UIInterfaceOrientationLandscapeRight";
				LD_RUNPATH_SEARCH_PATHS = (
					"$(inherited)",
					"@executable_path/Frameworks",
				);
				MARKETING_VERSION = 1.0;
				PRODUCT_BUNDLE_IDENTIFIER = com.yutaudemy.APPAPP;
				PRODUCT_NAME = "$(TARGET_NAME)";
				SWIFT_EMIT_LOC_STRINGS = YES;
				SWIFT_VERSION = 5.0;
				TARGETED_DEVICE_FAMILY = "1,2";
			};
			name = Release;
		};
		A471C61E284C3F8A00CA9FE7 /* Debug */ = {
			isa = XCBuildConfiguration;
			buildSettings = {
				ALWAYS_EMBED_SWIFT_STANDARD_LIBRARIES = YES;
				BUNDLE_LOADER = "$(TEST_HOST)";
				CODE_SIGN_STYLE = Automatic;
				CURRENT_PROJECT_VERSION = 1;
				DEVELOPMENT_TEAM = GM6JZ3P6VD;
				GENERATE_INFOPLIST_FILE = YES;
				IPHONEOS_DEPLOYMENT_TARGET = 15.5;
				MARKETING_VERSION = 1.0;
				PRODUCT_BUNDLE_IDENTIFIER = com.yutaudemy.APPAPPTests;
				PRODUCT_NAME = "$(TARGET_NAME)";
				SWIFT_EMIT_LOC_STRINGS = NO;
				SWIFT_VERSION = 5.0;
				TARGETED_DEVICE_FAMILY = "1,2";
				TEST_HOST = "$(BUILT_PRODUCTS_DIR)/APPAPP.app/APPAPP";
			};
			name = Debug;
		};
		A471C61F284C3F8A00CA9FE7 /* Release */ = {
			isa = XCBuildConfiguration;
			buildSettings = {
				ALWAYS_EMBED_SWIFT_STANDARD_LIBRARIES = YES;
				BUNDLE_LOADER = "$(TEST_HOST)";
				CODE_SIGN_STYLE = Automatic;
				CURRENT_PROJECT_VERSION = 1;
				DEVELOPMENT_TEAM = GM6JZ3P6VD;
				GENERATE_INFOPLIST_FILE = YES;
				IPHONEOS_DEPLOYMENT_TARGET = 15.5;
				MARKETING_VERSION = 1.0;
				PRODUCT_BUNDLE_IDENTIFIER = com.yutaudemy.APPAPPTests;
				PRODUCT_NAME = "$(TARGET_NAME)";
				SWIFT_EMIT_LOC_STRINGS = NO;
				SWIFT_VERSION = 5.0;
				TARGETED_DEVICE_FAMILY = "1,2";
				TEST_HOST = "$(BUILT_PRODUCTS_DIR)/APPAPP.app/APPAPP";
			};
			name = Release;
		};
		A471C621284C3F8A00CA9FE7 /* Debug */ = {
			isa = XCBuildConfiguration;
			buildSettings = {
				ALWAYS_EMBED_SWIFT_STANDARD_LIBRARIES = YES;
				CODE_SIGN_STYLE = Automatic;
				CURRENT_PROJECT_VERSION = 1;
				DEVELOPMENT_TEAM = GM6JZ3P6VD;
				GENERATE_INFOPLIST_FILE = YES;
				MARKETING_VERSION = 1.0;
				PRODUCT_BUNDLE_IDENTIFIER = com.yutaudemy.APPAPPUITests;
				PRODUCT_NAME = "$(TARGET_NAME)";
				SWIFT_EMIT_LOC_STRINGS = NO;
				SWIFT_VERSION = 5.0;
				TARGETED_DEVICE_FAMILY = "1,2";
				TEST_TARGET_NAME = APPAPP;
			};
			name = Debug;
		};
		A471C622284C3F8A00CA9FE7 /* Release */ = {
			isa = XCBuildConfiguration;
			buildSettings = {
				ALWAYS_EMBED_SWIFT_STANDARD_LIBRARIES = YES;
				CODE_SIGN_STYLE = Automatic;
				CURRENT_PROJECT_VERSION = 1;
				DEVELOPMENT_TEAM = GM6JZ3P6VD;
				GENERATE_INFOPLIST_FILE = YES;
				MARKETING_VERSION = 1.0;
				PRODUCT_BUNDLE_IDENTIFIER = com.yutaudemy.APPAPPUITests;
				PRODUCT_NAME = "$(TARGET_NAME)";
				SWIFT_EMIT_LOC_STRINGS = NO;
				SWIFT_VERSION = 5.0;
				TARGETED_DEVICE_FAMILY = "1,2";
				TEST_TARGET_NAME = APPAPP;
			};
			name = Release;
		};
/* End XCBuildConfiguration section */

/* Begin XCConfigurationList section */
		A471C5EB284C3F8800CA9FE7 /* Build configuration list for PBXProject "APPAPP" */ = {
			isa = XCConfigurationList;
			buildConfigurations = (
				A471C618284C3F8A00CA9FE7 /* Debug */,
				A471C619284C3F8A00CA9FE7 /* Release */,
			);
			defaultConfigurationIsVisible = 0;
			defaultConfigurationName = Release;
		};
		A471C61A284C3F8A00CA9FE7 /* Build configuration list for PBXNativeTarget "APPAPP" */ = {
			isa = XCConfigurationList;
			buildConfigurations = (
				A471C61B284C3F8A00CA9FE7 /* Debug */,
				A471C61C284C3F8A00CA9FE7 /* Release */,
			);
			defaultConfigurationIsVisible = 0;
			defaultConfigurationName = Release;
		};
		A471C61D284C3F8A00CA9FE7 /* Build configuration list for PBXNativeTarget "APPAPPTests" */ = {
			isa = XCConfigurationList;
			buildConfigurations = (
				A471C61E284C3F8A00CA9FE7 /* Debug */,
				A471C61F284C3F8A00CA9FE7 /* Release */,
			);
			defaultConfigurationIsVisible = 0;
			defaultConfigurationName = Release;
		};
		A471C620284C3F8A00CA9FE7 /* Build configuration list for PBXNativeTarget "APPAPPUITests" */ = {
			isa = XCConfigurationList;
			buildConfigurations = (
				A471C621284C3F8A00CA9FE7 /* Debug */,
				A471C622284C3F8A00CA9FE7 /* Release */,
			);
			defaultConfigurationIsVisible = 0;
			defaultConfigurationName = Release;
		};
/* End XCConfigurationList section */
	};
	rootObject = A471C5E8284C3F8800CA9FE7 /* Project object */;
}
